Microsoft Visual Studio Solution File, Format Version 12.00
# Visual Studio 14
Project("{8BC9CEB8-8B4A-11D0-8D11-00A0C91BC942}") = "ALL_BUILD", "ALL_BUILD.vcxproj", "{8843B375-9EAE-4B31-AD7F-DA9B069ECEC3}"
	ProjectSection(ProjectDependencies) = postProject
		{060373AA-EE9F-4E92-95F2-1C373D641B91} = {060373AA-EE9F-4E92-95F2-1C373D641B91}
	EndProjectSection
EndProject
Project("{8BC9CEB8-8B4A-11D0-8D11-00A0C91BC942}") = "exdental-interop", "exdental-interop.vcxproj", "{060373AA-EE9F-4E92-95F2-1C373D641B91}"
	ProjectSection(ProjectDependencies) = postProject
	EndProjectSection
EndProject
Global
	GlobalSection(SolutionConfigurationPlatforms) = preSolution
		Debug|x64 = Debug|x64
		Release|x64 = Release|x64
		MinSizeRel|x64 = MinSizeRel|x64
		RelWithDebInfo|x64 = RelWithDebInfo|x64
	EndGlobalSection
	GlobalSection(ProjectConfigurationPlatforms) = postSolution
		{8843B375-9EAE-4B31-AD7F-DA9B069ECEC3}.Debug|x64.ActiveCfg = Debug|x64
		{8843B375-9EAE-4B31-AD7F-DA9B069ECEC3}.Release|x64.ActiveCfg = Release|x64
		{8843B375-9EAE-4B31-AD7F-DA9B069ECEC3}.MinSizeRel|x64.ActiveCfg = MinSizeRel|x64
		{8843B375-9EAE-4B31-AD7F-DA9B069ECEC3}.RelWithDebInfo|x64.ActiveCfg = RelWithDebInfo|x64
		{060373AA-EE9F-4E92-95F2-1C373D641B91}.Debug|x64.ActiveCfg = Debug|x64
		{060373AA-EE9F-4E92-95F2-1C373D641B91}.Debug|x64.Build.0 = Debug|x64
		{060373AA-EE9F-4E92-95F2-1C373D641B91}.Release|x64.ActiveCfg = Release|x64
		{060373AA-EE9F-4E92-95F2-1C373D641B91}.Release|x64.Build.0 = Release|x64
		{060373AA-EE9F-4E92-95F2-1C373D641B91}.MinSizeRel|x64.ActiveCfg = MinSizeRel|x64
		{060373AA-EE9F-4E92-95F2-1C373D641B91}.MinSizeRel|x64.Build.0 = MinSizeRel|x64
		{060373AA-EE9F-4E92-95F2-1C373D641B91}.RelWithDebInfo|x64.ActiveCfg = RelWithDebInfo|x64
		{060373AA-EE9F-4E92-95F2-1C373D641B91}.RelWithDebInfo|x64.Build.0 = RelWithDebInfo|x64
	EndGlobalSection
	GlobalSection(ExtensibilityGlobals) = postSolution
	EndGlobalSection
	GlobalSection(ExtensibilityAddIns) = postSolution
	EndGlobalSection
EndGlobal
